# This file is automatically @generated by Cargo.
# It is not intended for manual editing.
version = 4

[[package]]
name = "localsend-cli"
version = "0.1.0"
dependencies = [
 "zfish",
]

[[package]]
name = "zfish"
version = "0.1.10"
source = "registry+https://github.com/rust-lang/crates.io-index"
checksum = "553ddec2f3771120bc9e4365166dcb1ccbc45019478742be282f14e84d8fefbe"
